Microsoft Visual Studio Solution File, Format Version 12.00
# Visual Studio Version 17
VisualStudioVersion = 17.5.2.0
MinimumVisualStudioVersion = 10.0.40219.1
Project("{FAE04EC0-301F-11D3-BF4B-00C04F79EFBC}") = "gkp", "gkp.csproj", "{EE243E5C-D138-BD84-238B-F060450786B6}"
EndProject
Global
	GlobalSection(SolutionConfigurationPlatforms) = preSolution
		Debug|Any CPU = Debug|Any CPU
		Release|Any CPU = Release|Any CPU
	EndGlobalSection
	GlobalSection(ProjectConfigurationPlatforms) = postSolution
		{EE243E5C-D138-BD84-238B-F060450786B6}.Debug|Any CPU.ActiveCfg = Debug|Any CPU
		{EE243E5C-D138-BD84-238B-F060450786B6}.Debug|Any CPU.Build.0 = Debug|Any CPU
		{EE243E5C-D138-BD84-238B-F060450786B6}.Release|Any CPU.ActiveCfg = Release|Any CPU
		{EE243E5C-D138-BD84-238B-F060450786B6}.Release|Any CPU.Build.0 = Release|Any CPU
	EndGlobalSection
	GlobalSection(SolutionProperties) = preSolution
		HideSolutionNode = FALSE
	EndGlobalSection
	GlobalSection(ExtensibilityGlobals) = postSolution
		SolutionGuid = {D13899C9-5E64-4C0F-B6F3-9DFA0C9EA051}
	EndGlobalSection
EndGlobal
